lockfileVersion: '9.0'

settings:
  autoInstallPeers: true
  excludeLinksFromLockfile: false

importers:

  .:
    dependencies:
      '@material-ui/core':
        specifier: ^4.9.3
        version: 4.12.4(@types/react@16.14.70)(react-dom@16.14.0(react@16.14.0))(react@16.14.0)
      '@material-ui/icons':
        specifier: ^4.9.1
        version: 4.11.3(@material-ui/core@4.12.4(@types/react@16.14.70)(react-dom@16.14.0(react@16.14.0))(react@16.14.0))(@types/react@16.14.70)(react-dom@16.14.0(react@16.14.0))(react@16.14.0)
      '@material-ui/lab':
        specifier: ^4.0.0-alpha.43
        version: 4.0.0-alpha.61(@material-ui/core@4.12.4(@types/react@16.14.70)(react-dom@16.14.0(react@16.14.0))(react@16.14.0))(@types/react@16.14.70)(react-dom@16.14.0(react@16.14.0))(react@16.14.0)
      react:
        specifier: ^16.12.0
        version: 16.14.0
      react-dom:
        specifier: ^16.12.0
        version: 16.14.0(react@16.14.0)
      react-piano:
        specifier: ^3.1.3
        version: 3.1.3(react@16.14.0)
      tone:
        specifier: ^15.1.22
        version: 15.1.22
    devDependencies:
      '@types/node':
        specifier: ^12.12.28
        version: 12.20.55
      '@types/react':
        specifier: ^16.9.21
        version: 16.14.70
      '@types/react-dom':
        specifier: ^16.9.5
        version: 16.9.25(@types/react@16.14.70)
      '@types/tone':
        specifier: git+https://github.com/Tonejs/TypeScript.git
        version: https://codeload.github.com/Tonejs/TypeScript/tar.gz/c955539088d9cf9d37c86d218cd04234a2eafc1d
      '@vitejs/plugin-react':
        specifier: ^6.0.3
        version: 6.0.3(vite@8.1.4(@types/node@12.20.55))
      typescript:
        specifier: ^3.7.5
        version: 3.9.10
      vite:
        specifier: ^8.1.4
        version: 8.1.4(@types/node@12.20.55)
      wafer-host:
        specifier: ^0.0.4
        version: 0.0.4(react-dom@16.14.0(react@16.14.0))(react@16.14.0)

packages:

  '@babel/runtime@7.29.7':
    resolution: {integrity: sha512-Nq8OhGWiZIZGV6hLHoyAKLLcJihP/xFeBMGJoUrxTX2psI8dCifzLhZISFb+VWS3wFMRDmCGw5R+dOySCqPLhw==}
    engines: {node: '>=6.9.0'}

  '@emnapi/core@1.11.1':
    resolution: {integrity: sha512-RSvbQmHzdKzNsLYa/wHrbc3KN4sYLKAdPZxqiM2HATqv/SBk2/ENSHpvXGaLOMcsAyz0poEGqkmmKYG3OWiJEQ==}

  '@emnapi/runtime@1.11.1':
    resolution: {integrity: sha512-vgj7R3y3Wgx24IQaGPA/R6YFXLHVMOZ0uVEyIQPaWs+rd1AzfEMXlAC22FYwO1XkKR6NPsq7mUandH8oIRdZFw==}

  '@emnapi/wasi-threads@1.2.2':
    resolution: {integrity: sha512-c95qOXkHdydNKhscBTebqEC1CVAZpyqOfVfBzQ1qgzyl3gfeldUjIggDbIZgDKsHLgnsM+igH7TJ/eAasaVuMA==}

  '@emotion/hash@0.8.0':
    resolution: {integrity: sha512-kBJtf7PH6aWwZ6fka3zQ0p6SBYzx4fl1LoZXE2RrnYST9Xljm7WfKJrU4g/Xr3Beg72MLrp1AWNUmuYJTL7Cow==}

  '@material-ui/core@4.12.4':
    resolution: {integrity: sha512-tr7xekNlM9LjA6pagJmL8QCgZXaubWUwkJnoYcMKd4gw/t4XiyvnTkjdGrUVicyB2BsdaAv1tvow45bPM4sSwQ==}
    engines: {node: '>=8.0.0'}
    deprecated: Material UI v4 doesn't receive active development since September 2021. See the guide https://mui.com/material-ui/migration/migration-v4/ to upgrade to v5.
    peerDependencies:
      '@types/react': ^16.8.6 || ^17.0.0
      react: ^16.8.0 || ^17.0.0
      react-dom: ^16.8.0 || ^17.0.0
    peerDependenciesMeta:
      '@types/react':
        optional: true

  '@material-ui/icons@4.11.3':
    resolution: {integrity: sha512-IKHlyx6LDh8n19vzwH5RtHIOHl9Tu90aAAxcbWME6kp4dmvODM3UvOHJeMIDzUbd4muuJKHmlNoBN+mDY4XkBA==}
    engines: {node: '>=8.0.0'}
    peerDependencies:
      '@material-ui/core': ^4.0.0
      '@types/react': ^16.8.6 || ^17.0.0
      react: ^16.8.0 || ^17.0.0
      react-dom: ^16.8.0 || ^17.0.0
    peerDependenciesMeta:
      '@types/react':
        optional: true

  '@material-ui/lab@4.0.0-alpha.61':
    resolution: {integrity: sha512-rSzm+XKiNUjKegj8bzt5+pygZeckNLOr+IjykH8sYdVk7dE9y2ZuUSofiMV2bJk3qU+JHwexmw+q0RyNZB9ugg==}
    engines: {node: '>=8.0.0'}
    deprecated: Material UI v4 doesn't receive active development since September 2021. See the guide https://mui.com/material-ui/migration/migration-v4/ to upgrade to v5.
    peerDependencies:
      '@material-ui/core': ^4.12.1
      '@types/react': ^16.8.6 || ^17.0.0
      react: ^16.8.0 || ^17.0.0
      react-dom: ^16.8.0 || ^17.0.0
    peerDependenciesMeta:
      '@types/react':
        optional: true

  '@material-ui/styles@4.11.5':
    resolution: {integrity: sha512-o/41ot5JJiUsIETME9wVLAJrmIWL3j0R0Bj2kCOLbSfqEkKf0fmaPt+5vtblUh5eXr2S+J/8J3DaCb10+CzPGA==}
    engines: {node: '>=8.0.0'}
    deprecated: Material UI v4 doesn't receive active development since September 2021. See the guide https://mui.com/material-ui/migration/migration-v4/ to upgrade to v5.
    peerDependencies:
      '@types/react': ^16.8.6 || ^17.0.0
      react: ^16.8.0 || ^17.0.0
      react-dom: ^16.8.0 || ^17.0.0
    peerDependenciesMeta:
      '@types/react':
        optional: true

  '@material-ui/system@4.12.2':
    resolution: {integrity: sha512-6CSKu2MtmiJgcCGf6nBQpM8fLkuB9F55EKfbdTC80NND5wpTmKzwdhLYLH3zL4cLlK0gVaaltW7/wMuyTnN0Lw==}
    engines: {node: '>=8.0.0'}
    peerDependencies:
      '@types/react': ^16.8.6 || ^17.0.0
      react: ^16.8.0 || ^17.0.0
      react-dom: ^16.8.0 || ^17.0.0
    peerDependenciesMeta:
      '@types/react':
        optional: true

  '@material-ui/types@5.1.0':
    resolution: {integrity: sha512-7cqRjrY50b8QzRSYyhSpx4WRw2YuO0KKIGQEVk5J8uoz2BanawykgZGoWEqKm7pVIbzFDN0SpPcVV4IhOFkl8A==}
    peerDependencies:
      '@types/react': '*'
    peerDependenciesMeta:
      '@types/react':
        optional: true

  '@material-ui/utils@4.11.3':
    resolution: {integrity: sha512-ZuQPV4rBK/V1j2dIkSSEcH5uT6AaHuKWFfotADHsC0wVL1NLd2WkFCm4ZZbX33iO4ydl6V0GPngKm8HZQ2oujg==}
    engines: {node: '>=8.0.0'}
    peerDependencies:
      react: ^16.8.0 || ^17.0.0
      react-dom: ^16.8.0 || ^17.0.0

  '@napi-rs/wasm-runtime@1.1.6':
    resolution: {integrity: sha512-ZLv/JdUfkvOy9eCnnBaGfiO+XimbjebAeO+MRQqD/B+FR1tnRN0tpKSJHRbE8sFfS6aqsXZ67TQjfwfsxULVbg==}
    peerDependencies:
      '@emnapi/core': ^1.7.1
      '@emnapi/runtime': ^1.7.1

  '@oxc-project/types@0.139.0':
    resolution: {integrity: sha512-r9gHphtCs+1M7J0pw6Sn/hh/Wpa/iQrOOkrNAlVLF/gHq+/CJmHIWKKUUhdWjcD6CIa8idarspCsASiXCXvFUw==}

  '@rolldown/binding-android-arm64@1.1.5':
    resolution: {integrity: sha512-lZg8fqIv2v7FF237bwMgzGZEJvGL79/s5knJ/i6FmsGF4XXlzccZ4jb+TrFIxtSSxFtIpdsgrPZeMk1I9AFcyQ==}
    engines: {node: ^20.19.0 || >=22.12.0}
    cpu: [arm64]
    os: [android]

  '@rolldown/binding-darwin-arm64@1.1.5':
    resolution: {integrity: sha512-51Bnx9pNiMRKSUNtBfySkNJ9vMU9Hh3I1ozDd6gyPPYzaXCfnptUcEZxXGYFn+ul2dtcMUiqGR1Yai2K10uoTw==}
    engines: {node: ^20.19.0 || >=22.12.0}
    cpu: [arm64]
    os: [darwin]

  '@rolldown/binding-darwin-x64@1.1.5':
    resolution: {integrity: sha512-Tm+gbfC0aHu1tBA/JvKQh32S0K6YgCHkiAF4/W6xX0K0RmNuc94VeK419dJoE65R5aRxmo+noZQSWrAMF6yb6g==}
    engines: {node: ^20.19.0 || >=22.12.0}
    cpu: [x64]
    os: [darwin]

  '@rolldown/binding-freebsd-x64@1.1.5':
    resolution: {integrity: sha512-JMzDKCCXq93YccG5gz3hvOs1oXRKAf0XYpfOS88e+wZrC8Iugj6j68867vrYZkvpDDpKn/KoKORThmchMpF6TA==}
    engines: {node: ^20.19.0 || >=22.12.0}
    cpu: [x64]
    os: [freebsd]

  '@rolldown/binding-linux-arm-gnueabihf@1.1.5':
    resolution: {integrity: sha512-uML21j2K5TfPGutKxub+M+nLjZIrWjXQ5Grx4lCe/nimTj9B4L63zHpjXLl4y0L3mcm2htEQIb06oCG/szerNw==}
    engines: {node: ^20.19.0 || >=22.12.0}
    cpu: [arm]
    os: [linux]

  '@rolldown/binding-linux-arm64-gnu@1.1.5':
    resolution: {integrity: sha512-navSiuTMogvnQoZoM/v+l3ZWo50/NTwSHSzheABx/RCnmUPaKwq9qSo4Br2OYRs21+Fz8uFqITZM3H4opOB0/Q==}
    engines: {node: ^20.19.0 || >=22.12.0}
    cpu: [arm64]
    os: [linux]
    libc: [glibc]

  '@rolldown/binding-linux-arm64-musl@1.1.5':
    resolution: {integrity: sha512-lAryqH7IteztmCXQXk0etKj4wBQ7Gx5S6LjKhsgp9zb8I5bsuvU/2llH1hDQcjsFeqIsovMVN339/8pUDDBXxA==}
    engines: {node: ^20.19.0 || >=22.12.0}
    cpu: [arm64]
    os: [linux]
    libc: [musl]

  '@rolldown/binding-linux-ppc64-gnu@1.1.5':
    resolution: {integrity: sha512-fsK/sNBnxzBlL4O1JNrZakVQxPspqpED5dLtNsZS9oOKmtSpdNIzxH2kkol5HYTWJN47sE20ztMJPxfZ89qGOg==}
    engines: {node: ^20.19.0 || >=22.12.0}
    cpu: [ppc64]
    os: [linux]
    libc: [glibc]

  '@rolldown/binding-linux-s390x-gnu@1.1.5':
    resolution: {integrity: sha512-gLYb4BIadlfTOYT5gO503n8zQjXflgzpD0FcyKh0Mzx3rqCZKnHoJWV9xe1KXUJ5lx2JfcSHr/mhzS0PC/McAA==}
    engines: {node: ^20.19.0 || >=22.12.0}
    cpu: [s390x]
    os: [linux]
    libc: [glibc]

  '@rolldown/binding-linux-x64-gnu@1.1.5':
    resolution: {integrity: sha512-FjcpEKUyJygHgs1o50VYNvkt5+7Le/VEdYt0AkRpkL33MnyQfwr8l5mXwMmfmTbyMPr5vJLC+8/Gd9gXnwU1QQ==}
    engines: {node: ^20.19.0 || >=22.12.0}
    cpu: [x64]
    os: [linux]
    libc: [glibc]

  '@rolldown/binding-linux-x64-musl@1.1.5':
    resolution: {integrity: sha512-Me+PfPI2TMeOQk0gYWfLQZtTktrmzbr8cDboqX83XKc7UrgAi55gF+2dUkWdxd19n55Essp2yeca+O9N5rBxHg==}
    engines: {node: ^20.19.0 || >=22.12.0}
    cpu: [x64]
    os: [linux]
    libc: [musl]

  '@rolldown/binding-openharmony-arm64@1.1.5':
    resolution: {integrity: sha512-yc5WrLzXks6zCQfn9Oxr8pORKyl/pF+QjHmW/Qx3qu0oyrrNC+y2JLTU1E2rcWYAmzlnqngWXHQjy51VzW70Vw==}
    engines: {node: ^20.19.0 || >=22.12.0}
    cpu: [arm64]
    os: [openharmony]

  '@rolldown/binding-wasm32-wasi@1.1.5':
    resolution: {integrity: sha512-VbQGPX2b4r48TAMIM2cjgluIM1HYutm4pcTEJsle7iEP7sB1dFqtPLBVbdLAZCxy1txCcPxf4QFf4v8uvltPqA==}
    engines: {node: ^20.19.0 || >=22.12.0}
    cpu: [wasm32]

  '@rolldown/binding-win32-arm64-msvc@1.1.5':
    resolution: {integrity: sha512-gHv82k63z4qpV5+Q1y/12KrK0ltWBukVDI8nZcbT7Tt/ZlOIVwppazneq0F93oDxTo3IgAMEDIoQh3E2n6mVsw==}
    engines: {node: ^20.19.0 || >=22.12.0}
    cpu: [arm64]
    os: [win32]

  '@rolldown/binding-win32-x64-msvc@1.1.5':
    resolution: {integrity: sha512-tTZuDBPw85tEN5PQi1pnEBzDy0Z49HtScLAbD5t6hyeU92A95pRWaSMw1GZZi/RwgSgUIl0xrSlXIT/9QzvYSA==}
    engines: {node: ^20.19.0 || >=22.12.0}
    cpu: [x64]
    os: [win32]

  '@rolldown/pluginutils@1.0.1':
    resolution: {integrity: sha512-2j9bGt5Jh8hj+vPtgzPtl72j0yRxHAyumoo6TNfAjsLB04UtpSvPbPcDcBMxz7n+9CYB0c1GxQFxYRg2jimqGw==}

  '@tybys/wasm-util@0.10.3':
    resolution: {integrity: sha512-F3fo1MYrRJYL3zER0OUOmkutjr1Vp23m7OsSgp7nq4SP6OqX6C/56XFIPAl5bt3zaBRjmW7SGz3u/6LwFpYcOg==}

  '@types/node@12.20.55':
    resolution: {integrity: sha512-J8xLz7q2OFulZ2cyGTLE1TbbZcjpno7FaN6zdJNrgAdrJ+DZzh/uFR6YrTb4C+nXakvud8Q4+rbhoIWlYQbUFQ==}

  '@types/prop-types@15.7.15':
    resolution: {integrity: sha512-F6bEyamV9jKGAFBEmlQnesRPGOQqS2+Uwi0Em15xenOxHaf2hv6L8YCVn3rPdPJOiJfPiCnLIRyvwVaqMY3MIw==}

  '@types/react-dom@16.9.25':
    resolution: {integrity: sha512-ZK//eAPhwft9Ul2/Zj+6O11YR6L4JX0J2sVeBC9Ft7x7HFN7xk7yUV/zDxqV6rjvqgl6r8Dq7oQImxtyf/Mzcw==}
    peerDependencies:
      '@types/react': ^16.0.0

  '@types/react-transition-group@4.4.12':
    resolution: {integrity: sha512-8TV6R3h2j7a91c+1DXdJi3Syo69zzIZbz7Lg5tORM5LEJG7X/E6a1V3drRyBRZq7/utz7A+c4OgYLiLcYGHG6w==}
    peerDependencies:
      '@types/react': '*'

  '@types/react@16.14.70':
    resolution: {integrity: sha512-DM5Q7rSx9G6QYcVvMgxvEurL5P06OxcDNUXrLxlpBzG4ccUewcBCmsztYbxJBobzO8RIwwmjoaD5OsKqdHDuYQ==}

  '@types/scheduler@0.16.8':
    resolution: {integrity: sha512-WZLiwShhwLRmeV6zH+GkbOFT6Z6VklCItrDioxUnv+u4Ll+8vKeFySoFyK/0ctcRpOmwAicELfmys1sDc/Rw+A==}

  '@types/tone@https://codeload.github.com/Tonejs/TypeScript/tar.gz/c955539088d9cf9d37c86d218cd04234a2eafc1d':
    resolution: {tarball: https://codeload.github.com/Tonejs/TypeScript/tar.gz/c955539088d9cf9d37c86d218cd04234a2eafc1d}
    version: 0.2.0

  '@vitejs/plugin-react@6.0.3':
    resolution: {integrity: sha512-vmFvco5/QuC2f9Oj+wTk0+9XeDFkHxSamwZKYc7MxYwKICfvUvlMhqKI0VuICPltGqh1neqBKDvO4kes1ya8vg==}
    engines: {node: ^20.19.0 || >=22.12.0}
    peerDependencies:
      '@rolldown/plugin-babel': ^0.1.7 || ^0.2.0
      babel-plugin-react-compiler: ^1.0.0
      vite: ^8.0.0
    peerDependenciesMeta:
      '@rolldown/plugin-babel':
        optional: true
      babel-plugin-react-compiler:
        optional: true

  automation-events@7.1.19:
    resolution: {integrity: sha512-cD+TLhJTI0q4AI3ktd353lrGZiVa9AchowSDzQzzGjSoYe22js4vlS32VUtWuaulghi1Yq0KYNWKk9wWuGymPA==}
    engines: {node: '>=18.2.0'}

  classnames@2.5.1:
    resolution: {integrity: sha512-saHYOzhIQs6wy2sVxTM6bUDsQO4F50V9RQ22qBpEdCW+I+/Wmke2HOl6lS6dTpdxVhb88/I6+Hs+438c3lfUow==}

  clsx@1.2.1:
    resolution: {integrity: sha512-EcR6r5a8bj6pu3ycsa/E/cKVGuTgZJZdsyUYHOksG/UHIiKfjxzRxYJpyVBwYaQeOvghal9fcc4PidlgzugAQg==}
    engines: {node: '>=6'}

  css-vendor@2.0.8:
    resolution: {integrity: sha512-x9Aq0XTInxrkuFeHKbYC7zWY8ai7qJ04Kxd9MnvbC1uO5DagxoHQjm4JvG+vCdXOoFtCjbL2XSZfxmoYa9uQVQ==}

  csstype@2.6.21:
    resolution: {integrity: sha512-Z1PhmomIfypOpoMjRQB70jfvy/wxT50qW08YXO5lMIJkrdq4yOTR+AW7FqutScmB9NkLwxo+jU+kZLbofZZq/w==}

  csstype@3.2.3:
    resolution: {integrity: sha512-z1HGKcYy2xA8AGQfwrn0PAy+PB7X/GSj3UVJW9qKyn43xWa+gl5nXmU4qqLMRzWVLFC8KusUX8T/0kCiOYpAIQ==}

  detect-libc@2.1.2:
    resolution: {integrity: sha512-Btj2BOOO83o3WyH59e8MgXsxEQVcarkUOpEYrubB0urwnN10yQ364rsiByU11nZlqWYZm05i/of7io4mzihBtQ==}
    engines: {node: '>=8'}

  dom-helpers@5.2.1:
    resolution: {integrity: sha512-nRCa7CK3VTrM2NmGkIy4cbK7IZlgBE/PYMn55rrXefr5xXDP0LdtfPnblFDoVdcAfslJ7or6iqAUnx0CCGIWQA==}

  fdir@6.5.0:
    resolution: {integrity: sha512-tIbYtZbucOs0BRGqPJkshJUYdL+SDH7dVM8gjy+ERp3WAUjLEFJE+02kanyHtwjWOnwrKYBiwAmM0p4kLJAnXg==}
    engines: {node: '>=12.0.0'}
    peerDependencies:
      picomatch: ^3 || ^4
    peerDependenciesMeta:
      picomatch:
        optional: true

  fsevents@2.3.3:
    resolution: {integrity: sha512-5xoDfX+fL7faATnagmWPpbFtwh/R77WmMMqqHGS65C3vvB0YHrgF+B1YmZ3441tMj5n63k0212XNoJwzlhffQw==}
    engines: {node: ^8.16.0 || ^10.6.0 || >=11.0.0}
    os: [darwin]

  hoist-non-react-statics@3.3.2:
    resolution: {integrity: sha512-/gGivxi8JPKWNm/W0jSmzcMPpfpPLc3dY/6GxhX2hQ9iGj3aDfklV4ET7NjKpSinLpJ5vafa9iiGIEZg10SfBw==}

  hyphenate-style-name@1.1.0:
    resolution: {integrity: sha512-WDC/ui2VVRrz3jOVi+XtjqkDjiVjTtFaAGiW37k6b+ohyQ5wYDOGkvCZa8+H0nx3gyvv0+BST9xuOgIyGQ00gw==}

  is-in-browser@1.1.3:
    resolution: {integrity: sha512-FeXIBgG/CPGd/WUxuEyvgGTEfwiG9Z4EKGxjNMRqviiIIfsmgrpnHLffEDdwUHqNva1VEW91o3xBT/m8Elgl9g==}

  js-tokens@4.0.0:
    resolution: {integrity: sha512-RdJUflcE3cUzKiMqQgsCu06FPu9UdIJO0beYbPhHN4k6apgJtifcoCtT9bcxOpYBtpD2kCM6Sbzg4CausW/PKQ==}

  jss-plugin-camel-case@10.10.0:
    resolution: {integrity: sha512-z+HETfj5IYgFxh1wJnUAU8jByI48ED+v0fuTuhKrPR+pRBYS2EDwbusU8aFOpCdYhtRc9zhN+PJ7iNE8pAWyPw==}

  jss-plugin-default-unit@10.10.0:
    resolution: {integrity: sha512-SvpajxIECi4JDUbGLefvNckmI+c2VWmP43qnEy/0eiwzRUsafg5DVSIWSzZe4d2vFX1u9nRDP46WCFV/PXVBGQ==}

  jss-plugin-global@10.10.0:
    resolution: {integrity: sha512-icXEYbMufiNuWfuazLeN+BNJO16Ge88OcXU5ZDC2vLqElmMybA31Wi7lZ3lf+vgufRocvPj8443irhYRgWxP+A==}

  jss-plugin-nested@10.10.0:
    resolution: {integrity: sha512-9R4JHxxGgiZhurDo3q7LdIiDEgtA1bTGzAbhSPyIOWb7ZubrjQe8acwhEQ6OEKydzpl8XHMtTnEwHXCARLYqYA==}

  jss-plugin-props-sort@10.10.0:
    resolution: {integrity: sha512-5VNJvQJbnq/vRfje6uZLe/FyaOpzP/IH1LP+0fr88QamVrGJa0hpRRyAa0ea4U/3LcorJfBFVyC4yN2QC73lJg==}

  jss-plugin-rule-value-function@10.10.0:
    resolution: {integrity: sha512-uEFJFgaCtkXeIPgki8ICw3Y7VMkL9GEan6SqmT9tqpwM+/t+hxfMUdU4wQ0MtOiMNWhwnckBV0IebrKcZM9C0g==}

  jss-plugin-vendor-prefixer@10.10.0:
    resolution: {integrity: sha512-UY/41WumgjW8r1qMCO8l1ARg7NHnfRVWRhZ2E2m0DMYsr2DD91qIXLyNhiX83hHswR7Wm4D+oDYNC1zWCJWtqg==}

  jss@10.10.0:
    resolution: {integrity: sha512-cqsOTS7jqPsPMjtKYDUpdFC0AbhYFLTcuGRqymgmdJIeQ8cH7+AgX7YSgQy79wXloZq2VvATYxUOUQEvS1V/Zw==}

  just-range@2.2.0:
    resolution: {integrity: sha512-JKHygNvIu+tX/+oOI+zNznQE0M8jM241fsjuac2i9OBlIXD7w4CGGuakXYc6Dne5vv9pEXgmCv8+WEFKwiGFTg==}

  lightningcss-android-arm64@1.32.0:
    resolution: {integrity: sha512-YK7/ClTt4kAK0vo6w3X+Pnm0D2cf2vPHbhOXdoNti1Ga0al1P4TBZhwjATvjNwLEBCnKvjJc2jQgHXH0NEwlAg==}
    engines: {node: '>= 12.0.0'}
    cpu: [arm64]
    os: [android]

  lightningcss-darwin-arm64@1.32.0:
    resolution: {integrity: sha512-RzeG9Ju5bag2Bv1/lwlVJvBE3q6TtXskdZLLCyfg5pt+HLz9BqlICO7LZM7VHNTTn/5PRhHFBSjk5lc4cmscPQ==}
    engines: {node: '>= 12.0.0'}
    cpu: [arm64]
    os: [darwin]

  lightningcss-darwin-x64@1.32.0:
    resolution: {integrity: sha512-U+QsBp2m/s2wqpUYT/6wnlagdZbtZdndSmut/NJqlCcMLTWp5muCrID+K5UJ6jqD2BFshejCYXniPDbNh73V8w==}
    engines: {node: '>= 12.0.0'}
    cpu: [x64]
    os: [darwin]

  lightningcss-freebsd-x64@1.32.0:
    resolution: {integrity: sha512-JCTigedEksZk3tHTTthnMdVfGf61Fky8Ji2E4YjUTEQX14xiy/lTzXnu1vwiZe3bYe0q+SpsSH/CTeDXK6WHig==}
    engines: {node: '>= 12.0.0'}
    cpu: [x64]
    os: [freebsd]

  lightningcss-linux-arm-gnueabihf@1.32.0:
    resolution: {integrity: sha512-x6rnnpRa2GL0zQOkt6rts3YDPzduLpWvwAF6EMhXFVZXD4tPrBkEFqzGowzCsIWsPjqSK+tyNEODUBXeeVHSkw==}
    engines: {node: '>= 12.0.0'}
    cpu: [arm]
    os: [linux]

  lightningcss-linux-arm64-gnu@1.32.0:
    resolution: {integrity: sha512-0nnMyoyOLRJXfbMOilaSRcLH3Jw5z9HDNGfT/gwCPgaDjnx0i8w7vBzFLFR1f6CMLKF8gVbebmkUN3fa/kQJpQ==}
    engines: {node: '>= 12.0.0'}
    cpu: [arm64]
    os: [linux]
    libc: [glibc]

  lightningcss-linux-arm64-musl@1.32.0:
    resolution: {integrity: sha512-UpQkoenr4UJEzgVIYpI80lDFvRmPVg6oqboNHfoH4CQIfNA+HOrZ7Mo7KZP02dC6LjghPQJeBsvXhJod/wnIBg==}
    engines: {node: '>= 12.0.0'}
    cpu: [arm64]
    os: [linux]
    libc: [musl]

  lightningcss-linux-x64-gnu@1.32.0:
    resolution: {integrity: sha512-V7Qr52IhZmdKPVr+Vtw8o+WLsQJYCTd8loIfpDaMRWGUZfBOYEJeyJIkqGIDMZPwPx24pUMfwSxxI8phr/MbOA==}
    engines: {node: '>= 12.0.0'}
    cpu: [x64]
    os: [linux]
    libc: [glibc]

  lightningcss-linux-x64-musl@1.32.0:
    resolution: {integrity: sha512-bYcLp+Vb0awsiXg/80uCRezCYHNg1/l3mt0gzHnWV9XP1W5sKa5/TCdGWaR/zBM2PeF/HbsQv/j2URNOiVuxWg==}
    engines: {node: '>= 12.0.0'}
    cpu: [x64]
    os: [linux]
    libc: [musl]

  lightningcss-win32-arm64-msvc@1.32.0:
    resolution: {integrity: sha512-8SbC8BR40pS6baCM8sbtYDSwEVQd4JlFTOlaD3gWGHfThTcABnNDBda6eTZeqbofalIJhFx0qKzgHJmcPTnGdw==}
    engines: {node: '>= 12.0.0'}
    cpu: [arm64]
    os: [win32]

  lightningcss-win32-x64-msvc@1.32.0:
    resolution: {integrity: sha512-Amq9B/SoZYdDi1kFrojnoqPLxYhQ4Wo5XiL8EVJrVsB8ARoC1PWW6VGtT0WKCemjy8aC+louJnjS7U18x3b06Q==}
    engines: {node: '>= 12.0.0'}
    cpu: [x64]
    os: [win32]

  lightningcss@1.32.0:
    resolution: {integrity: sha512-NXYBzinNrblfraPGyrbPoD19C1h9lfI/1mzgWYvXUTe414Gz/X1FD2XBZSZM7rRTrMA8JL3OtAaGifrIKhQ5yQ==}
    engines: {node: '>= 12.0.0'}

  lodash.difference@4.5.0:
    resolution: {integrity: sha512-dS2j+W26TQ7taQBGN8Lbbq04ssV3emRw4NY58WErlTO29pIqS0HmoT5aJ9+TUQ1N3G+JOZSji4eugsWwGp9yPA==}

  loose-envify@1.4.0:
    resolution: {integrity: sha512-lyuxPGr/Wfhrlem2CL/UcnUc1zcqKAImBDzukY7Y5F/yQiNdko6+fRLevlw1HgMySw7f611UIY408EtxRSoK3Q==}
    hasBin: true

  nanoid@3.3.16:
    resolution: {integrity: sha512-bzlKTyNJ7+LdGIIwy8ijFpIqEQIvafahV7eYykJ8Cvh42EdJeODoJ6gUJXpQJvej1BddH8OqTXZNE/KfbWAu8Q==}
    engines: {node: ^10 || ^12 || ^13.7 || ^14 || >=15.0.1}
    hasBin: true

  object-assign@4.1.1:
    resolution: {integrity: sha512-rJgTQnkUnH1sFw8yT6VSU3zD3sWmu6sZhIseY8VX+GRu3P6F7Fu+JNDoXfklElbLJSnc3FUQHVe4cU5hj+BcUg==}
    engines: {node: '>=0.10.0'}

  picocolors@1.1.1:
    resolution: {integrity: sha512-xceH2snhtb5M9liqDsmEw56le376mTZkEX/jEb/RxNFyegNul7eNslCXP9FDj/Lcu0X8KEyMceP2ntpaHrDEVA==}

  picomatch@4.0.5:
    resolution: {integrity: sha512-RvwwcruNjI1ncT5xRakeyS9Lf8lcItv34KD+aif+VH9kduAyfYBipGh12274xtenIPZ119/R9BdTBa8gAwSh0A==}
    engines: {node: '>=12'}

  popper.js@1.16.1-lts:
    resolution: {integrity: sha512-Kjw8nKRl1m+VrSFCoVGPph93W/qrSO7ZkqPpTf7F4bk/sqcfWK019dWBUpE/fBOsOQY1dks/Bmcbfn1heM/IsA==}

  postcss@8.5.19:
    resolution: {integrity: sha512-Mz8SaolMd8nB+G13WkORcxQKHZ/NE4xXevtkJHVuG+guo9/wYKlIMTKAqGdEmYOXR2ijPjTYNHssizdaVSUNdQ==}
    engines: {node: ^10 || ^12 || >=14}

  prop-types@15.8.1:
    resolution: {integrity: sha512-oj87CgZICdulUohogVAR7AjlC0327U4el4L6eAvOqCeudMDVU0NThNaV+b9Df4dXgSP1gXMTnPdhfe/2qDH5cg==}

  react-dom@16.14.0:
    resolution: {integrity: sha512-1gCeQXDLoIqMgqD3IO2Ah9bnf0w9kzhwN5q4FGnHZ67hBm9yePzB5JJAIQCc8x3pFnNlwFq4RidZggNAAkzWWw==}
    peerDependencies:
      react: ^16.14.0

  react-is@16.13.1:
    resolution: {integrity: sha512-24e6ynE2H+OKt4kqsOvNd8kBpV65zoxbA4BVsEOB3ARVWQki/DHzaUoC5KuON/BiccDaCCTZBuOcfZs70kR8bQ==}

  react-is@17.0.2:
    resolution: {integrity: sha512-w2GsyukL62IJnlaff/nRegPQR94C/XXamvMWmSHRJ4y7Ts/4ocGRmTHvOs8PSE6pB3dWOrD/nueuU5sduBsQ4w==}

  react-piano@3.1.3:
    resolution: {integrity: sha512-5SDFzprP+ICEMOJRkB0iqHo1qGcZpinRJ0ZW4HZu0pT6NftK+MpVN19VhXzd+MMN9C7QyGNB0nO4nd/cpGko/Q==}
    peerDependencies:
      react: '*'

  react-transition-group@4.4.5:
    resolution: {integrity: sha512-pZcd1MCJoiKiBR2NRxeCRg13uCXbydPnmB4EOeRrY7480qNWO8IIgQG6zlDkm6uRMsURXPuKq0GWtiM59a5Q6g==}
    peerDependencies:
      react: '>=16.6.0'
      react-dom: '>=16.6.0'

  react@16.14.0:
    resolution: {integrity: sha512-0X2CImDkJGApiAlcf0ODKIneSwBPhqJawOa5wCtKbu7ZECrmS26NvtSILynQ66cgkT/RJ4LidJOc3bUESwmU8g==}
    engines: {node: '>=0.10.0'}

  rolldown@1.1.5:
    resolution: {integrity: sha512-t9z29cJjXf/vxQ8dyhCSpt6H6aSwHTk8cT5I3iy6SMXuFpk5mB6PL6XfC8PCwrPTx93udwKUm9HRteAlTGBLiA==}
    engines: {node: ^20.19.0 || >=22.12.0}
    hasBin: true

  scheduler@0.19.1:
    resolution: {integrity: sha512-n/zwRWRYSUj0/3g/otKDRPMh6qv2SYMWNq85IEa8iZyAv8od9zDYpGSnpBEjNgcMNq6Scbu5KfIPxNF72R/2EA==}

  source-map-js@1.2.1:
    resolution: {integrity: sha512-UXWMKhLOwVKb728IUtQPXxfYU+usdybtUrK/8uGE8CQMvrhOpwvzDBwj0QhSL7MQc7vIsISBG8VQ8+IDQxpfQA==}
    engines: {node: '>=0.10.0'}

  standardized-audio-context@25.3.77:
    resolution: {integrity: sha512-Ki9zNz6pKcC5Pi+QPjPyVsD9GwJIJWgryji0XL9cAJXMGyn+dPOf6Qik1AHei0+UNVcc4BOCa0hWLBzlwqsW/A==}

  tiny-warning@1.0.3:
    resolution: {integrity: sha512-lBN9zLN/oAf68o3zNXYrdCt1kP8WsiGW8Oo2ka41b2IM5JL/S1CTyX1rW0mb/zSuJun0ZUrDxx4sqvYS2FWzPA==}

  tinyglobby@0.2.17:
    resolution: {integrity: sha512-wXR/dYpcqKmfWpEdZjiKJOwCNFndD0DMnrW/cYjVGttEkBfVgcLFHoNrlj47mjOVic9yyNu65alsgF4NQyTa2g==}
    engines: {node: '>=12.0.0'}

  tone@15.1.22:
    resolution: {integrity: sha512-TCScAGD4sLsama5DjvTUXlLDXSqPealhL64nsdV1hhr6frPWve0DeSo63AKnSJwgfg55fhvxj0iPPRwPN5o0ag==}

  tslib@2.8.1:
    resolution: {integrity: sha512-oJFu94HQb+KVduSUQL7wnpmqnfmLsOA/nAh6b6EH0wCEoK0/mPeXU6c3wKDV83MkOuHPRHtSXKKU99IBazS/2w==}

  typescript@3.9.10:
    resolution: {integrity: sha512-w6fIxVE/H1PkLKcCPsFqKE7Kv7QUwhU8qQY2MueZXWx5cPZdwFupLgKK3vntcK98BtNHZtAF4LA/yl2a7k8R6Q==}
    engines: {node: '>=4.2.0'}
    hasBin: true

  vite@8.1.4:
    resolution: {integrity: sha512-bTT9PsdWO+MQMNG9ZXIP/qM9wGh37DFxTV/sPq9cFpHr3w4jkgef032PkAL9jAqhk3Nz8NQw3O8n6/xFkqO4QQ==}
    engines: {node: ^20.19.0 || >=22.12.0}
    hasBin: true
    peerDependencies:
      '@types/node': ^20.19.0 || >=22.12.0
      '@vitejs/devtools': ^0.3.0
      esbuild: ^0.27.0 || ^0.28.0
      jiti: '>=1.21.0'
      less: ^4.0.0
      sass: ^1.70.0
      sass-embedded: ^1.70.0
      stylus: '>=0.54.8'
      sugarss: ^5.0.0
      terser: ^5.16.0
      tsx: ^4.8.1
      yaml: ^2.4.2
    peerDependenciesMeta:
      '@types/node':
        optional: true
      '@vitejs/devtools':
        optional: true
      esbuild:
        optional: true
      jiti:
        optional: true
      less:
        optional: true
      sass:
        optional: true
      sass-embedded:
        optional: true
      stylus:
        optional: true
      sugarss:
        optional: true
      terser:
        optional: true
      tsx:
        optional: true
      yaml:
        optional: true

  wafer-host@0.0.4:
    resolution: {integrity: sha512-fk/3qyJxSWZGnIJlKQpKDfu4b+w8aEAA05goOe2RtwVSnYN4FlZjmsnWjIpz1CWTcTaMaOwQ+0JCWsCmpEz5aA==}
    peerDependencies:
      react: ^19.2.6
      react-dom: ^19.2.6
    peerDependenciesMeta:
      react:
        optional: true
      react-dom:
        optional: true

snapshots:

  '@babel/runtime@7.29.7': {}

  '@emnapi/core@1.11.1':
    dependencies:
      '@emnapi/wasi-threads': 1.2.2
      tslib: 2.8.1
    optional: true

  '@emnapi/runtime@1.11.1':
    dependencies:
      tslib: 2.8.1
    optional: true

  '@emnapi/wasi-threads@1.2.2':
    dependencies:
      tslib: 2.8.1
    optional: true

  '@emotion/hash@0.8.0': {}

  '@material-ui/core@4.12.4(@types/react@16.14.70)(react-dom@16.14.0(react@16.14.0))(react@16.14.0)':
    dependencies:
      '@babel/runtime': 7.29.7
      '@material-ui/styles': 4.11.5(@types/react@16.14.70)(react-dom@16.14.0(react@16.14.0))(react@16.14.0)
      '@material-ui/system': 4.12.2(@types/react@16.14.70)(react-dom@16.14.0(react@16.14.0))(react@16.14.0)
      '@material-ui/types': 5.1.0(@types/react@16.14.70)
      '@material-ui/utils': 4.11.3(react-dom@16.14.0(react@16.14.0))(react@16.14.0)
      '@types/react-transition-group': 4.4.12(@types/react@16.14.70)
      clsx: 1.2.1
      hoist-non-react-statics: 3.3.2
      popper.js: 1.16.1-lts
      prop-types: 15.8.1
      react: 16.14.0
      react-dom: 16.14.0(react@16.14.0)
      react-is: 17.0.2
      react-transition-group: 4.4.5(react-dom@16.14.0(react@16.14.0))(react@16.14.0)
    optionalDependencies:
      '@types/react': 16.14.70

  '@material-ui/icons@4.11.3(@material-ui/core@4.12.4(@types/react@16.14.70)(react-dom@16.14.0(react@16.14.0))(react@16.14.0))(@types/react@16.14.70)(react-dom@16.14.0(react@16.14.0))(react@16.14.0)':
    dependencies:
      '@babel/runtime': 7.29.7
      '@material-ui/core': 4.12.4(@types/react@16.14.70)(react-dom@16.14.0(react@16.14.0))(react@16.14.0)
      react: 16.14.0
      react-dom: 16.14.0(react@16.14.0)
    optionalDependencies:
      '@types/react': 16.14.70

  '@material-ui/lab@4.0.0-alpha.61(@material-ui/core@4.12.4(@types/react@16.14.70)(react-dom@16.14.0(react@16.14.0))(react@16.14.0))(@types/react@16.14.70)(react-dom@16.14.0(react@16.14.0))(react@16.14.0)':
    dependencies:
      '@babel/runtime': 7.29.7
      '@material-ui/core': 4.12.4(@types/react@16.14.70)(react-dom@16.14.0(react@16.14.0))(react@16.14.0)
      '@material-ui/utils': 4.11.3(react-dom@16.14.0(react@16.14.0))(react@16.14.0)
      clsx: 1.2.1
      prop-types: 15.8.1
      react: 16.14.0
      react-dom: 16.14.0(react@16.14.0)
      react-is: 17.0.2
    optionalDependencies:
      '@types/react': 16.14.70

  '@material-ui/styles@4.11.5(@types/react@16.14.70)(react-dom@16.14.0(react@16.14.0))(react@16.14.0)':
    dependencies:
      '@babel/runtime': 7.29.7
      '@emotion/hash': 0.8.0
      '@material-ui/types': 5.1.0(@types/react@16.14.70)
      '@material-ui/utils': 4.11.3(react-dom@16.14.0(react@16.14.0))(react@16.14.0)
      clsx: 1.2.1
      csstype: 2.6.21
      hoist-non-react-statics: 3.3.2
      jss: 10.10.0
      jss-plugin-camel-case: 10.10.0
      jss-plugin-default-unit: 10.10.0
      jss-plugin-global: 10.10.0
      jss-plugin-nested: 10.10.0
      jss-plugin-props-sort: 10.10.0
      jss-plugin-rule-value-function: 10.10.0
      jss-plugin-vendor-prefixer: 10.10.0
      prop-types: 15.8.1
      react: 16.14.0
      react-dom: 16.14.0(react@16.14.0)
    optionalDependencies:
      '@types/react': 16.14.70

  '@material-ui/system@4.12.2(@types/react@16.14.70)(react-dom@16.14.0(react@16.14.0))(react@16.14.0)':
    dependencies:
      '@babel/runtime': 7.29.7
      '@material-ui/utils': 4.11.3(react-dom@16.14.0(react@16.14.0))(react@16.14.0)
      csstype: 2.6.21
      prop-types: 15.8.1
      react: 16.14.0
      react-dom: 16.14.0(react@16.14.0)
    optionalDependencies:
      '@types/react': 16.14.70

  '@material-ui/types@5.1.0(@types/react@16.14.70)':
    optionalDependencies:
      '@types/react': 16.14.70

  '@material-ui/utils@4.11.3(react-dom@16.14.0(react@16.14.0))(react@16.14.0)':
    dependencies:
      '@babel/runtime': 7.29.7
      prop-types: 15.8.1
      react: 16.14.0
      react-dom: 16.14.0(react@16.14.0)
      react-is: 17.0.2

  '@napi-rs/wasm-runtime@1.1.6(@emnapi/core@1.11.1)(@emnapi/runtime@1.11.1)':
    dependencies:
      '@emnapi/core': 1.11.1
      '@emnapi/runtime': 1.11.1
      '@tybys/wasm-util': 0.10.3
    optional: true

  '@oxc-project/types@0.139.0': {}

  '@rolldown/binding-android-arm64@1.1.5':
    optional: true

  '@rolldown/binding-darwin-arm64@1.1.5':
    optional: true

  '@rolldown/binding-darwin-x64@1.1.5':
    optional: true

  '@rolldown/binding-freebsd-x64@1.1.5':
    optional: true

  '@rolldown/binding-linux-arm-gnueabihf@1.1.5':
    optional: true

  '@rolldown/binding-linux-arm64-gnu@1.1.5':
    optional: true

  '@rolldown/binding-linux-arm64-musl@1.1.5':
    optional: true

  '@rolldown/binding-linux-ppc64-gnu@1.1.5':
    optional: true

  '@rolldown/binding-linux-s390x-gnu@1.1.5':
    optional: true

  '@rolldown/binding-linux-x64-gnu@1.1.5':
    optional: true

  '@rolldown/binding-linux-x64-musl@1.1.5':
    optional: true

  '@rolldown/binding-openharmony-arm64@1.1.5':
    optional: true

  '@rolldown/binding-wasm32-wasi@1.1.5':
    dependencies:
      '@emnapi/core': 1.11.1
      '@emnapi/runtime': 1.11.1
      '@napi-rs/wasm-runtime': 1.1.6(@emnapi/core@1.11.1)(@emnapi/runtime@1.11.1)
    optional: true

  '@rolldown/binding-win32-arm64-msvc@1.1.5':
    optional: true

  '@rolldown/binding-win32-x64-msvc@1.1.5':
    optional: true

  '@rolldown/pluginutils@1.0.1': {}

  '@tybys/wasm-util@0.10.3':
    dependencies:
      tslib: 2.8.1
    optional: true

  '@types/node@12.20.55': {}

  '@types/prop-types@15.7.15': {}

  '@types/react-dom@16.9.25(@types/react@16.14.70)':
    dependencies:
      '@types/react': 16.14.70

  '@types/react-transition-group@4.4.12(@types/react@16.14.70)':
    dependencies:
      '@types/react': 16.14.70

  '@types/react@16.14.70':
    dependencies:
      '@types/prop-types': 15.7.15
      '@types/scheduler': 0.16.8
      csstype: 3.2.3

  '@types/scheduler@0.16.8': {}

  '@types/tone@https://codeload.github.com/Tonejs/TypeScript/tar.gz/c955539088d9cf9d37c86d218cd04234a2eafc1d': {}

  '@vitejs/plugin-react@6.0.3(vite@8.1.4(@types/node@12.20.55))':
    dependencies:
      '@rolldown/pluginutils': 1.0.1
      vite: 8.1.4(@types/node@12.20.55)

  automation-events@7.1.19:
    dependencies:
      '@babel/runtime': 7.29.7
      tslib: 2.8.1

  classnames@2.5.1: {}

  clsx@1.2.1: {}

  css-vendor@2.0.8:
    dependencies:
      '@babel/runtime': 7.29.7
      is-in-browser: 1.1.3

  csstype@2.6.21: {}

  csstype@3.2.3: {}

  detect-libc@2.1.2: {}

  dom-helpers@5.2.1:
    dependencies:
      '@babel/runtime': 7.29.7
      csstype: 3.2.3

  fdir@6.5.0(picomatch@4.0.5):
    optionalDependencies:
      picomatch: 4.0.5

  fsevents@2.3.3:
    optional: true

  hoist-non-react-statics@3.3.2:
    dependencies:
      react-is: 16.13.1

  hyphenate-style-name@1.1.0: {}

  is-in-browser@1.1.3: {}

  js-tokens@4.0.0: {}

  jss-plugin-camel-case@10.10.0:
    dependencies:
      '@babel/runtime': 7.29.7
      hyphenate-style-name: 1.1.0
      jss: 10.10.0

  jss-plugin-default-unit@10.10.0:
    dependencies:
      '@babel/runtime': 7.29.7
      jss: 10.10.0

  jss-plugin-global@10.10.0:
    dependencies:
      '@babel/runtime': 7.29.7
      jss: 10.10.0

  jss-plugin-nested@10.10.0:
    dependencies:
      '@babel/runtime': 7.29.7
      jss: 10.10.0
      tiny-warning: 1.0.3

  jss-plugin-props-sort@10.10.0:
    dependencies:
      '@babel/runtime': 7.29.7
      jss: 10.10.0

  jss-plugin-rule-value-function@10.10.0:
    dependencies:
      '@babel/runtime': 7.29.7
      jss: 10.10.0
      tiny-warning: 1.0.3

  jss-plugin-vendor-prefixer@10.10.0:
    dependencies:
      '@babel/runtime': 7.29.7
      css-vendor: 2.0.8
      jss: 10.10.0

  jss@10.10.0:
    dependencies:
      '@babel/runtime': 7.29.7
      csstype: 3.2.3
      is-in-browser: 1.1.3
      tiny-warning: 1.0.3

  just-range@2.2.0: {}

  lightningcss-android-arm64@1.32.0:
    optional: true

  lightningcss-darwin-arm64@1.32.0:
    optional: true

  lightningcss-darwin-x64@1.32.0:
    optional: true

  lightningcss-freebsd-x64@1.32.0:
    optional: true

  lightningcss-linux-arm-gnueabihf@1.32.0:
    optional: true

  lightningcss-linux-arm64-gnu@1.32.0:
    optional: true

  lightningcss-linux-arm64-musl@1.32.0:
    optional: true

  lightningcss-linux-x64-gnu@1.32.0:
    optional: true

  lightningcss-linux-x64-musl@1.32.0:
    optional: true

  lightningcss-win32-arm64-msvc@1.32.0:
    optional: true

  lightningcss-win32-x64-msvc@1.32.0:
    optional: true

  lightningcss@1.32.0:
    dependencies:
      detect-libc: 2.1.2
    optionalDependencies:
      lightningcss-android-arm64: 1.32.0
      lightningcss-darwin-arm64: 1.32.0
      lightningcss-darwin-x64: 1.32.0
      lightningcss-freebsd-x64: 1.32.0
      lightningcss-linux-arm-gnueabihf: 1.32.0
      lightningcss-linux-arm64-gnu: 1.32.0
      lightningcss-linux-arm64-musl: 1.32.0
      lightningcss-linux-x64-gnu: 1.32.0
      lightningcss-linux-x64-musl: 1.32.0
      lightningcss-win32-arm64-msvc: 1.32.0
      lightningcss-win32-x64-msvc: 1.32.0

  lodash.difference@4.5.0: {}

  loose-envify@1.4.0:
    dependencies:
      js-tokens: 4.0.0

  nanoid@3.3.16: {}

  object-assign@4.1.1: {}

  picocolors@1.1.1: {}

  picomatch@4.0.5: {}

  popper.js@1.16.1-lts: {}

  postcss@8.5.19:
    dependencies:
      nanoid: 3.3.16
      picocolors: 1.1.1
      source-map-js: 1.2.1

  prop-types@15.8.1:
    dependencies:
      loose-envify: 1.4.0
      object-assign: 4.1.1
      react-is: 16.13.1

  react-dom@16.14.0(react@16.14.0):
    dependencies:
      loose-envify: 1.4.0
      object-assign: 4.1.1
      prop-types: 15.8.1
      react: 16.14.0
      scheduler: 0.19.1

  react-is@16.13.1: {}

  react-is@17.0.2: {}

  react-piano@3.1.3(react@16.14.0):
    dependencies:
      classnames: 2.5.1
      just-range: 2.2.0
      lodash.difference: 4.5.0
      prop-types: 15.8.1
      react: 16.14.0

  react-transition-group@4.4.5(react-dom@16.14.0(react@16.14.0))(react@16.14.0):
    dependencies:
      '@babel/runtime': 7.29.7
      dom-helpers: 5.2.1
      loose-envify: 1.4.0
      prop-types: 15.8.1
      react: 16.14.0
      react-dom: 16.14.0(react@16.14.0)

  react@16.14.0:
    dependencies:
      loose-envify: 1.4.0
      object-assign: 4.1.1
      prop-types: 15.8.1

  rolldown@1.1.5:
    dependencies:
      '@oxc-project/types': 0.139.0
      '@rolldown/pluginutils': 1.0.1
    optionalDependencies:
      '@rolldown/binding-android-arm64': 1.1.5
      '@rolldown/binding-darwin-arm64': 1.1.5
      '@rolldown/binding-darwin-x64': 1.1.5
      '@rolldown/binding-freebsd-x64': 1.1.5
      '@rolldown/binding-linux-arm-gnueabihf': 1.1.5
      '@rolldown/binding-linux-arm64-gnu': 1.1.5
      '@rolldown/binding-linux-arm64-musl': 1.1.5
      '@rolldown/binding-linux-ppc64-gnu': 1.1.5
      '@rolldown/binding-linux-s390x-gnu': 1.1.5
      '@rolldown/binding-linux-x64-gnu': 1.1.5
      '@rolldown/binding-linux-x64-musl': 1.1.5
      '@rolldown/binding-openharmony-arm64': 1.1.5
      '@rolldown/binding-wasm32-wasi': 1.1.5
      '@rolldown/binding-win32-arm64-msvc': 1.1.5
      '@rolldown/binding-win32-x64-msvc': 1.1.5

  scheduler@0.19.1:
    dependencies:
      loose-envify: 1.4.0
      object-assign: 4.1.1

  source-map-js@1.2.1: {}

  standardized-audio-context@25.3.77:
    dependencies:
      '@babel/runtime': 7.29.7
      automation-events: 7.1.19
      tslib: 2.8.1

  tiny-warning@1.0.3: {}

  tinyglobby@0.2.17:
    dependencies:
      fdir: 6.5.0(picomatch@4.0.5)
      picomatch: 4.0.5

  tone@15.1.22:
    dependencies:
      standardized-audio-context: 25.3.77
      tslib: 2.8.1

  tslib@2.8.1: {}

  typescript@3.9.10: {}

  vite@8.1.4(@types/node@12.20.55):
    dependencies:
      lightningcss: 1.32.0
      picomatch: 4.0.5
      postcss: 8.5.19
      rolldown: 1.1.5
      tinyglobby: 0.2.17
    optionalDependencies:
      '@types/node': 12.20.55
      fsevents: 2.3.3

  wafer-host@0.0.4(react-dom@16.14.0(react@16.14.0))(react@16.14.0):
    optionalDependencies:
      react: 16.14.0
      react-dom: 16.14.0(react@16.14.0)
